
Microsoft Visual Studio Solution File, Format Version 12.00
# Visual Studio Version 17
VisualStudioVersion = 17.4.33205.214
MinimumVisualStudioVersion = 10.0.40219.1
Project("{FAE04EC0-301F-11D3-BF4B-00C04F79EFBC}") = "PaintNetPlugin", "PaintNetPlugin\PaintNetPlugin.csproj", "{83CAB219-3069-4864-BE55-9B7E5099BE72}"
EndProject
Global
	GlobalSection(SolutionConfigurationPlatforms) = preSolution
		Debug|Any CPU = Debug|Any CPU
		Release|Any CPU = Release|Any CPU
	EndGlobalSection
	GlobalSection(ProjectConfigurationPlatforms) = postSolution
		{83CAB219-3069-4864-BE55-9B7E5099BE72}.Debug|Any CPU.ActiveCfg = Debug|Any CPU
		{83CAB219-3069-4864-BE55-9B7E5099BE72}.Debug|Any CPU.Build.0 = Debug|Any CPU
		{83CAB219-3069-4864-BE55-9B7E5099BE72}.Release|Any CPU.ActiveCfg = Release|Any CPU
		{83CAB219-3069-4864-BE55-9B7E5099BE72}.Release|Any CPU.Build.0 = Release|Any CPU
	EndGlobalSection
	GlobalSection(SolutionProperties) = preSolution
		HideSolutionNode = FALSE
	EndGlobalSection
	GlobalSection(ExtensibilityGlobals) = postSolution
		SolutionGuid = {46B0FB7C-362C-4851-963C-1DA1BD6875E7}
	EndGlobalSection
EndGlobal
